
Microsoft Visual Studio Solution File, Format Version 12.00
# Visual Studio Version 17
VisualStudioVersion = 17.7.34221.43
MinimumVisualStudioVersion = 10.0.40219.1
Project("{FAE04EC0-301F-11D3-BF4B-00C04F79EFBC}") = "App2.Android", "App2\App2.Android\App2.Android.csproj", "{1EBE80C1-16A5-45EF-A5D8-EEC1674E9EC4}"
EndProject
Project("{9A19103F-16F7-4668-BE54-9A1E7A4F7556}") = "App2", "App2\App2\App2.csproj", "{00E8D19D-B9FA-4139-BD4C-AB2FE92DEE89}"
EndProject
Global
	GlobalSection(SolutionConfigurationPlatforms) = preSolution
		Debug|Any CPU = Debug|Any CPU
		Release|Any CPU = Release|Any CPU
	EndGlobalSection
	GlobalSection(ProjectConfigurationPlatforms) = postSolution
		{1EBE80C1-16A5-45EF-A5D8-EEC1674E9EC4}.Debug|Any CPU.ActiveCfg = Debug|Any CPU
		{1EBE80C1-16A5-45EF-A5D8-EEC1674E9EC4}.Debug|Any CPU.Build.0 = Debug|Any CPU
		{1EBE80C1-16A5-45EF-A5D8-EEC1674E9EC4}.Debug|Any CPU.Deploy.0 = Debug|Any CPU
		{1EBE80C1-16A5-45EF-A5D8-EEC1674E9EC4}.Release|Any CPU.ActiveCfg = Release|Any CPU
		{1EBE80C1-16A5-45EF-A5D8-EEC1674E9EC4}.Release|Any CPU.Build.0 = Release|Any CPU
		{1EBE80C1-16A5-45EF-A5D8-EEC1674E9EC4}.Release|Any CPU.Deploy.0 = Release|Any CPU
		{00E8D19D-B9FA-4139-BD4C-AB2FE92DEE89}.Debug|Any CPU.ActiveCfg = Debug|Any CPU
		{00E8D19D-B9FA-4139-BD4C-AB2FE92DEE89}.Debug|Any CPU.Build.0 = Debug|Any CPU
		{00E8D19D-B9FA-4139-BD4C-AB2FE92DEE89}.Debug|Any CPU.Deploy.0 = Debug|Any CPU
		{00E8D19D-B9FA-4139-BD4C-AB2FE92DEE89}.Release|Any CPU.ActiveCfg = Release|Any CPU
		{00E8D19D-B9FA-4139-BD4C-AB2FE92DEE89}.Release|Any CPU.Build.0 = Release|Any CPU
		{00E8D19D-B9FA-4139-BD4C-AB2FE92DEE89}.Release|Any CPU.Deploy.0 = Release|Any CPU
	EndGlobalSection
	GlobalSection(SolutionProperties) = preSolution
		HideSolutionNode = FALSE
	EndGlobalSection
	GlobalSection(ExtensibilityGlobals) = postSolution
		SolutionGuid = {55953270-ED81-443B-B2C6-FFD8B776CA69}
	EndGlobalSection
EndGlobal
